
Microsoft Visual Studio Solution File, Format Version 12.00
# Visual Studio Version 16
VisualStudioVersion = 16.0.31129.286
MinimumVisualStudioVersion = 10.0.40219.1
Project("{FAE04EC0-301F-11D3-BF4B-00C04F79EFBC}") = "Desktop", "Desktop\Desktop.csproj", "{D278CC34-01F1-493C-8F7B-6035CABB8EFD}"
EndProject
Project("{FAE04EC0-301F-11D3-BF4B-00C04F79EFBC}") = "API", "API\API.csproj", "{EC300D7F-DE40-438F-B087-BDDD2C181611}"
EndProject
Global
	GlobalSection(SolutionConfigurationPlatforms) = preSolution
		Debug|Any CPU = Debug|Any CPU
		Release|Any CPU = Release|Any CPU
	EndGlobalSection
	GlobalSection(ProjectConfigurationPlatforms) = postSolution
		{D278CC34-01F1-493C-8F7B-6035CABB8EFD}.Debug|Any CPU.ActiveCfg = Debug|Any CPU
		{D278CC34-01F1-493C-8F7B-6035CABB8EFD}.Debug|Any CPU.Build.0 = Debug|Any CPU
		{D278CC34-01F1-493C-8F7B-6035CABB8EFD}.Release|Any CPU.ActiveCfg = Release|Any CPU
		{D278CC34-01F1-493C-8F7B-6035CABB8EFD}.Release|Any CPU.Build.0 = Release|Any CPU
		{EC300D7F-DE40-438F-B087-BDDD2C181611}.Debug|Any CPU.ActiveCfg = Debug|Any CPU
		{EC300D7F-DE40-438F-B087-BDDD2C181611}.Debug|Any CPU.Build.0 = Debug|Any CPU
		{EC300D7F-DE40-438F-B087-BDDD2C181611}.Release|Any CPU.ActiveCfg = Release|Any CPU
		{EC300D7F-DE40-438F-B087-BDDD2C181611}.Release|Any CPU.Build.0 = Release|Any CPU
	EndGlobalSection
	GlobalSection(SolutionProperties) = preSolution
		HideSolutionNode = FALSE
	EndGlobalSection
	GlobalSection(ExtensibilityGlobals) = postSolution
		SolutionGuid = {5EB92AA5-E1DC-4B15-8177-A66C08B5D5EB}
	EndGlobalSection
EndGlobal
